
Microsoft Visual Studio Solution File, Format Version 12.00
# Visual Studio Version 16
VisualStudioVersion = 16.0.30002.166
MinimumVisualStudioVersion = 10.0.40219.1
Project("{FAE04EC0-301F-11D3-BF4B-00C04F79EFBC}") = "Assignment", "Assignment.csproj", "{3E07DA3F-0BA1-4D8F-B254-97D0A2EBB654}"
EndProject
Global
	GlobalSection(SolutionConfigurationPlatforms) = preSolution
		Debug|Any CPU = Debug|Any CPU
		Release|Any CPU = Release|Any CPU
	EndGlobalSection
	GlobalSection(ProjectConfigurationPlatforms) = postSolution
		{3E07DA3F-0BA1-4D8F-B254-97D0A2EBB654}.Debug|Any CPU.ActiveCfg = Debug|Any CPU
		{3E07DA3F-0BA1-4D8F-B254-97D0A2EBB654}.Debug|Any CPU.Build.0 = Debug|Any CPU
		{3E07DA3F-0BA1-4D8F-B254-97D0A2EBB654}.Release|Any CPU.ActiveCfg = Release|Any CPU
		{3E07DA3F-0BA1-4D8F-B254-97D0A2EBB654}.Release|Any CPU.Build.0 = Release|Any CPU
	EndGlobalSection
	GlobalSection(SolutionProperties) = preSolution
		HideSolutionNode = FALSE
	EndGlobalSection
	GlobalSection(ExtensibilityGlobals) = postSolution
		SolutionGuid = {36C5C8E7-5684-4F93-8FBF-DCEBAD7BB88A}
	EndGlobalSection
EndGlobal
